
Microsoft Visual Studio Solution File, Format Version 12.00
Project("{FAE04EC0-301F-11D3-BF4B-00C04F79EFBC}") = "DfE.FindInformationAcademiesTrusts", "DfE.FindInformationAcademiesTrusts\DfE.FindInformationAcademiesTrusts.csproj", "{F9568CDF-A026-492C-96B2-A8E51ABA3B07}"
EndProject
Global
	GlobalSection(SolutionConfigurationPlatforms) = preSolution
		Debug|Any CPU = Debug|Any CPU
		Release|Any CPU = Release|Any CPU
	EndGlobalSection
	GlobalSection(ProjectConfigurationPlatforms) = postSolution
		{F9568CDF-A026-492C-96B2-A8E51ABA3B07}.Debug|Any CPU.ActiveCfg = Debug|Any CPU
		{F9568CDF-A026-492C-96B2-A8E51ABA3B07}.Debug|Any CPU.Build.0 = Debug|Any CPU
		{F9568CDF-A026-492C-96B2-A8E51ABA3B07}.Release|Any CPU.ActiveCfg = Release|Any CPU
		{F9568CDF-A026-492C-96B2-A8E51ABA3B07}.Release|Any CPU.Build.0 = Release|Any CPU
	EndGlobalSection
EndGlobal
